
Microsoft Visual Studio Solution File, Format Version 12.00
# Visual Studio Version 17
VisualStudioVersion = 17.0.32112.339
MinimumVisualStudioVersion = 10.0.40219.1
Project("{FAE04EC0-301F-11D3-BF4B-00C04F79EFBC}") = "Clase 12 - Conexion a la DB", "Clase 12 - Conexion a la DB\Clase 12 - Conexion a la DB.csproj", "{FEACFE56-1BD1-4DD0-B6E1-463EE98CFE58}"
EndProject
Global
	GlobalSection(SolutionConfigurationPlatforms) = preSolution
		Debug|Any CPU = Debug|Any CPU
		Release|Any CPU = Release|Any CPU
	EndGlobalSection
	GlobalSection(ProjectConfigurationPlatforms) = postSolution
		{FEACFE56-1BD1-4DD0-B6E1-463EE98CFE58}.Debug|Any CPU.ActiveCfg = Debug|Any CPU
		{FEACFE56-1BD1-4DD0-B6E1-463EE98CFE58}.Debug|Any CPU.Build.0 = Debug|Any CPU
		{FEACFE56-1BD1-4DD0-B6E1-463EE98CFE58}.Release|Any CPU.ActiveCfg = Release|Any CPU
		{FEACFE56-1BD1-4DD0-B6E1-463EE98CFE58}.Release|Any CPU.Build.0 = Release|Any CPU
	EndGlobalSection
	GlobalSection(SolutionProperties) = preSolution
		HideSolutionNode = FALSE
	EndGlobalSection
	GlobalSection(ExtensibilityGlobals) = postSolution
		SolutionGuid = {D55953F2-4105-46D3-B215-8C127E4ACA64}
	EndGlobalSection
EndGlobal
