
Microsoft Visual Studio Solution File, Format Version 12.00
# Visual Studio Version 16
VisualStudioVersion = 16.0.32106.194
MinimumVisualStudioVersion = 10.0.40219.1
Project("{FAE04EC0-301F-11D3-BF4B-00C04F79EFBC}") = "Clase 1", "Clase 1\Clase 1.csproj", "{C5D93348-9DCA-4337-9EAF-8EB86EBE5782}"
EndProject
Global
	GlobalSection(SolutionConfigurationPlatforms) = preSolution
		Debug|Any CPU = Debug|Any CPU
		Release|Any CPU = Release|Any CPU
	EndGlobalSection
	GlobalSection(ProjectConfigurationPlatforms) = postSolution
		{C5D93348-9DCA-4337-9EAF-8EB86EBE5782}.Debug|Any CPU.ActiveCfg = Debug|Any CPU
		{C5D93348-9DCA-4337-9EAF-8EB86EBE5782}.Debug|Any CPU.Build.0 = Debug|Any CPU
		{C5D93348-9DCA-4337-9EAF-8EB86EBE5782}.Release|Any CPU.ActiveCfg = Release|Any CPU
		{C5D93348-9DCA-4337-9EAF-8EB86EBE5782}.Release|Any CPU.Build.0 = Release|Any CPU
	EndGlobalSection
	GlobalSection(SolutionProperties) = preSolution
		HideSolutionNode = FALSE
	EndGlobalSection
	GlobalSection(ExtensibilityGlobals) = postSolution
		SolutionGuid = {E2248230-32ED-46CE-9288-F3E4726586E2}
	EndGlobalSection
EndGlobal
